// !$*UTF8*$!
{
	archiveVersion = 1;
	classes = {
	};
	objectVersion = 50;
	objects = {

/* Begin PBXBuildFile section */
		4CA3A907258B39BA009996A9 /* AppDelegate.swift in Sources */ = {isa = PBXBuildFile; fileRef = 4CA3A906258B39BA009996A9 /* AppDelegate.swift */; };
		4CA3A909258B39BA009996A9 /* SceneDelegate.swift in Sources */ = {isa = PBXBuildFile; fileRef = 4CA3A908258B39BA009996A9 /* SceneDelegate.swift */; };
		4CA3A90E258B39BA009996A9 /* Main.storyboard in Resources */ = {isa = PBXBuildFile; fileRef = 4CA3A90C258B39BA009996A9 /* Main.storyboard */; };
		4CA3A910258B39BE009996A9 /* Assets.xcassets in Resources */ = {isa = PBXBuildFile; fileRef = 4CA3A90F258B39BE009996A9 /* Assets.xcassets */; };
		4CA3A913258B39BE009996A9 /* LaunchScreen.storyboard in Resources */ = {isa = PBXBuildFile; fileRef = 4CA3A911258B39BE009996A9 /* LaunchScreen.storyboard */; };
		4CA3A91C258B3B03009996A9 /* CategoryViewController.swift in Sources */ = {isa = PBXBuildFile; fileRef = 4CA3A91B258B3B03009996A9 /* CategoryViewController.swift */; };
		4CA3A91F258B3B30009996A9 /* ToDoListViewController.swift in Sources */ = {isa = PBXBuildFile; fileRef = 4CA3A91E258B3B30009996A9 /* ToDoListViewController.swift */; };
		4CA3A927258B3D43009996A9 /* Category.swift in Sources */ = {isa = PBXBuildFile; fileRef = 4CA3A926258B3D43009996A9 /* Category.swift */; };
		4CA3A92A258B3D7A009996A9 /* Item.swift in Sources */ = {isa = PBXBuildFile; fileRef = 4CA3A929258B3D7A009996A9 /* Item.swift */; };
		4CA3A92D258B3F15009996A9 /* SwipeViewController.swift in Sources */ = {isa = PBXBuildFile; fileRef = 4CA3A92C258B3F15009996A9 /* SwipeViewController.swift */; };
		4CA3A931258B4326009996A9 /* .gitignore in Resources */ = {isa = PBXBuildFile; fileRef = 4CA3A930258B4326009996A9 /* .gitignore */; };
		726216DDA88A0CF629B1C4C3 /* Pods_toDoList.framework in Frameworks */ = {isa = PBXBuildFile; fileRef = BACE20AFC5F8D63F47E88752 /* Pods_toDoList.framework */; };
/* End PBXBuildFile section */

/* Begin PBXFileReference section */
		2F3B42B56FF505D09378259C /* Pods-toDoList.debug.xcconfig */ = {isa = PBXFileReference; includeInIndex = 1; lastKnownFileType = text.xcconfig; name = "Pods-toDoList.debug.xcconfig"; path = "Target Support Files/Pods-toDoList/Pods-toDoList.debug.xcconfig"; sourceTree = "<group>"; };
		4CA3A903258B39BA009996A9 /* toDoList.app */ = {isa = PBXFileReference; explicitFileType = wrapper.application; includeInIndex = 0; path = toDoList.app; sourceTree = BUILT_PRODUCTS_DIR; };
		4CA3A906258B39BA009996A9 /* AppDelegate.swift */ = {isa = PBXFileReference; lastKnownFileType = sourcecode.swift; path = AppDelegate.swift; sourceTree = "<group>"; };
		4CA3A908258B39BA009996A9 /* SceneDelegate.swift */ = {isa = PBXFileReference; lastKnownFileType = sourcecode.swift; path = SceneDelegate.swift; sourceTree = "<group>"; };
		4CA3A90D258B39BA009996A9 /* Base */ = {isa = PBXFileReference; lastKnownFileType = file.storyboard; name = Base; path = Base.lproj/Main.storyboard; sourceTree = "<group>"; };
		4CA3A90F258B39BE009996A9 /* Assets.xcassets */ = {isa = PBXFileReference; lastKnownFileType = folder.assetcatalog; path = Assets.xcassets; sourceTree = "<group>"; };
		4CA3A912258B39BE009996A9 /* Base */ = {isa = PBXFileReference; lastKnownFileType = file.storyboard; name = Base; path = Base.lproj/LaunchScreen.storyboard; sourceTree = "<group>"; };
		4CA3A914258B39BE009996A9 /* Info.plist */ = {isa = PBXFileReference; lastKnownFileType = text.plist.xml; path = Info.plist; sourceTree = "<group>"; };
		4CA3A91B258B3B03009996A9 /* CategoryViewController.swift */ = {isa = PBXFileReference; lastKnownFileType = sourcecode.swift; path = CategoryViewController.swift; sourceTree = "<group>"; };
		4CA3A91E258B3B30009996A9 /* ToDoListViewController.swift */ = {isa = PBXFileReference; lastKnownFileType = sourcecode.swift; path = ToDoListViewController.swift; sourceTree = "<group>"; };
		4CA3A926258B3D43009996A9 /* Category.swift */ = {isa = PBXFileReference; lastKnownFileType = sourcecode.swift; path = Category.swift; sourceTree = "<group>"; };
		4CA3A929258B3D7A009996A9 /* Item.swift */ = {isa = PBXFileReference; lastKnownFileType = sourcecode.swift; path = Item.swift; sourceTree = "<group>"; };
		4CA3A92C258B3F15009996A9 /* SwipeViewController.swift */ = {isa = PBXFileReference; lastKnownFileType = sourcecode.swift; path = SwipeViewController.swift; sourceTree = "<group>"; };
		4CA3A930258B4326009996A9 /* .gitignore */ = {isa = PBXFileReference; lastKnownFileType = text; path = .gitignore; sourceTree = "<group>"; };
		9C6CDA265A6A86636123CF97 /* Pods-toDoList.release.xcconfig */ = {isa = PBXFileReference; includeInIndex = 1; lastKnownFileType = text.xcconfig; name = "Pods-toDoList.release.xcconfig"; path = "Target Support Files/Pods-toDoList/Pods-toDoList.release.xcconfig"; sourceTree = "<group>"; };
		BACE20AFC5F8D63F47E88752 /* Pods_toDoList.framework */ = {isa = PBXFileReference; explicitFileType = wrapper.framework; includeInIndex = 0; path = Pods_toDoList.framework; sourceTree = BUILT_PRODUCTS_DIR; };
/* End PBXFileReference section */

/* Begin PBXFrameworksBuildPhase section */
		4CA3A900258B39BA009996A9 /* Frameworks */ = {
			isa = PBXFrameworksBuildPhase;
			buildActionMask = 2147483647;
			files = (
				726216DDA88A0CF629B1C4C3 /* Pods_toDoList.framework in Frameworks */,
			);
			runOnlyForDeploymentPostprocessing = 0;
		};
/* End PBXFrameworksBuildPhase section */

/* Begin PBXGroup section */
		4CA3A8FA258B39BA009996A9 = {
			isa = PBXGroup;
			children = (
				4CA3A930258B4326009996A9 /* .gitignore */,
				4CA3A905258B39BA009996A9 /* toDoList */,
				4CA3A904258B39BA009996A9 /* Products */,
				59891FB6097865CAA9401196 /* Pods */,
				CF9322532A0270CFED9F07C5 /* Frameworks */,
			);
			sourceTree = "<group>";
		};
		4CA3A904258B39BA009996A9 /* Products */ = {
			isa = PBXGroup;
			children = (
				4CA3A903258B39BA009996A9 /* toDoList.app */,
			);
			name = Products;
			sourceTree = "<group>";
		};
		4CA3A905258B39BA009996A9 /* toDoList */ = {
			isa = PBXGroup;
			children = (
				4CA3A906258B39BA009996A9 /* AppDelegate.swift */,
				4CA3A908258B39BA009996A9 /* SceneDelegate.swift */,
				4CA3A925258B3D1E009996A9 /* Data Model */,
				4CA3A922258B3C26009996A9 /* View */,
				4CA3A924258B3CEB009996A9 /* Controllers */,
				4CA3A90F258B39BE009996A9 /* Assets.xcassets */,
				4CA3A911258B39BE009996A9 /* LaunchScreen.storyboard */,
				4CA3A914258B39BE009996A9 /* Info.plist */,
			);
			path = toDoList;
			sourceTree = "<group>";
		};
		4CA3A922258B3C26009996A9 /* View */ = {
			isa = PBXGroup;
			children = (
				4CA3A90C258B39BA009996A9 /* Main.storyboard */,
			);
			path = View;
			sourceTree = "<group>";
		};
		4CA3A924258B3CEB009996A9 /* Controllers */ = {
			isa = PBXGroup;
			children = (
				4CA3A91B258B3B03009996A9 /* CategoryViewController.swift */,
				4CA3A91E258B3B30009996A9 /* ToDoListViewController.swift */,
				4CA3A92C258B3F15009996A9 /* SwipeViewController.swift */,
			);
			path = Controllers;
			sourceTree = "<group>";
		};
		4CA3A925258B3D1E009996A9 /* Data Model */ = {
			isa = PBXGroup;
			children = (
				4CA3A926258B3D43009996A9 /* Category.swift */,
				4CA3A929258B3D7A009996A9 /* Item.swift */,
			);
			path = "Data Model";
			sourceTree = "<group>";
		};
		59891FB6097865CAA9401196 /* Pods */ = {
			isa = PBXGroup;
			children = (
				2F3B42B56FF505D09378259C /* Pods-toDoList.debug.xcconfig */,
				9C6CDA265A6A86636123CF97 /* Pods-toDoList.release.xcconfig */,
			);
			name = Pods;
			path = Pods;
			sourceTree = "<group>";
		};
		CF9322532A0270CFED9F07C5 /* Frameworks */ = {
			isa = PBXGroup;
			children = (
				BACE20AFC5F8D63F47E88752 /* Pods_toDoList.framework */,
			);
			name = Frameworks;
			sourceTree = "<group>";
		};
/* End PBXGroup section */

/* Begin PBXNativeTarget section */
		4CA3A902258B39BA009996A9 /* toDoList */ = {
			isa = PBXNativeTarget;
			buildConfigurationList = 4CA3A917258B39BE009996A9 /* Build configuration list for PBXNativeTarget "toDoList" */;
			buildPhases = (
				4147B9BEE9C0E8187185D883 /* [CP] Check Pods Manifest.lock */,
				4CA3A8FF258B39BA009996A9 /* Sources */,
				4CA3A900258B39BA009996A9 /* Frameworks */,
				4CA3A901258B39BA009996A9 /* Resources */,
				7CA99F6ECBD38806B9968DFA /* [CP] Embed Pods Frameworks */,
			);
			buildRules = (
			);
			dependencies = (
			);
			name = toDoList;
			productName = toDoList;
			productReference = 4CA3A903258B39BA009996A9 /* toDoList.app */;
			productType = "com.apple.product-type.application";
		};
/* End PBXNativeTarget section */

/* Begin PBXProject section */
		4CA3A8FB258B39BA009996A9 /* Project object */ = {
			isa = PBXProject;
			attributes = {
				LastSwiftUpdateCheck = 1220;
				LastUpgradeCheck = 1220;
				TargetAttributes = {
					4CA3A902258B39BA009996A9 = {
						CreatedOnToolsVersion = 12.2;
					};
				};
			};
			buildConfigurationList = 4CA3A8FE258B39BA009996A9 /* Build configuration list for PBXProject "toDoList" */;
			compatibilityVersion = "Xcode 9.3";
			developmentRegion = en;
			hasScannedForEncodings = 0;
			knownRegions = (
				en,
				Base,
			);
			mainGroup = 4CA3A8FA258B39BA009996A9;
			productRefGroup = 4CA3A904258B39BA009996A9 /* Products */;
			projectDirPath = "";
			projectRoot = "";
			targets = (
				4CA3A902258B39BA009996A9 /* toDoList */,
			);
		};
/* End PBXProject section */

/* Begin PBXResourcesBuildPhase section */
		4CA3A901258B39BA009996A9 /* Resources */ = {
			isa = PBXResourcesBuildPhase;
			buildActionMask = 2147483647;
			files = (
				4CA3A931258B4326009996A9 /* .gitignore in Resources */,
				4CA3A913258B39BE009996A9 /* LaunchScreen.storyboard in Resources */,
				4CA3A910258B39BE009996A9 /* Assets.xcassets in Resources */,
				4CA3A90E258B39BA009996A9 /* Main.storyboard in Resources */,
			);
			runOnlyForDeploymentPostprocessing = 0;
		};
/* End PBXResourcesBuildPhase section */

/* Begin PBXShellScriptBuildPhase section */
		4147B9BEE9C0E8187185D883 /* [CP] Check Pods Manifest.lock */ = {
			isa = PBXShellScriptBuildPhase;
			buildActionMask = 2147483647;
			files = (
			);
			inputFileListPaths = (
			);
			inputPaths = (
				"${PODS_PODFILE_DIR_PATH}/Podfile.lock",
				"${PODS_ROOT}/Manifest.lock",
			);
			name = "[CP] Check Pods Manifest.lock";
			outputFileListPaths = (
			);
			outputPaths = (
				"$(DERIVED_FILE_DIR)/Pods-toDoList-checkManifestLockResult.txt",
			);
			runOnlyForDeploymentPostprocessing = 0;
			shellPath = /bin/sh;
			shellScript = "diff \"${PODS_PODFILE_DIR_PATH}/Podfile.lock\" \"${PODS_ROOT}/Manifest.lock\" > /dev/null\nif [ $? != 0 ] ; then\n    # print error to STDERR\n    echo \"error: The sandbox is not in sync with the Podfile.lock. Run 'pod install' or update your CocoaPods installation.\" >&2\n    exit 1\nfi\n# This output is used by Xcode 'outputs' to avoid re-running this script phase.\necho \"SUCCESS\" > \"${SCRIPT_OUTPUT_FILE_0}\"\n";
			showEnvVarsInLog = 0;
		};
		7CA99F6ECBD38806B9968DFA /* [CP] Embed Pods Frameworks */ = {
			isa = PBXShellScriptBuildPhase;
			buildActionMask = 2147483647;
			files = (
			);
			inputFileListPaths = (
				"${PODS_ROOT}/Target Support Files/Pods-toDoList/Pods-toDoList-frameworks-${CONFIGURATION}-input-files.xcfilelist",
			);
			name = "[CP] Embed Pods Frameworks";
			outputFileListPaths = (
				"${PODS_ROOT}/Target Support Files/Pods-toDoList/Pods-toDoList-frameworks-${CONFIGURATION}-output-files.xcfilelist",
			);
			runOnlyForDeploymentPostprocessing = 0;
			shellPath = /bin/sh;
			shellScript = "\"${PODS_ROOT}/Target Support Files/Pods-toDoList/Pods-toDoList-frameworks.sh\"\n";
			showEnvVarsInLog = 0;
		};
/* End PBXShellScriptBuildPhase section */

/* Begin PBXSourcesBuildPhase section */
		4CA3A8FF258B39BA009996A9 /* Sources */ = {
			isa = PBXSourcesBuildPhase;
			buildActionMask = 2147483647;
			files = (
				4CA3A91F258B3B30009996A9 /* ToDoListViewController.swift in Sources */,
				4CA3A927258B3D43009996A9 /* Category.swift in Sources */,
				4CA3A91C258B3B03009996A9 /* CategoryViewController.swift in Sources */,
				4CA3A907258B39BA009996A9 /* AppDelegate.swift in Sources */,
				4CA3A92A258B3D7A009996A9 /* Item.swift in Sources */,
				4CA3A92D258B3F15009996A9 /* SwipeViewController.swift in Sources */,
				4CA3A909258B39BA009996A9 /* SceneDelegate.swift in Sources */,
			);
			runOnlyForDeploymentPostprocessing = 0;
		};
/* End PBXSourcesBuildPhase section */

/* Begin PBXVariantGroup section */
		4CA3A90C258B39BA009996A9 /* Main.storyboard */ = {
			isa = PBXVariantGroup;
			children = (
				4CA3A90D258B39BA009996A9 /* Base */,
			);
			name = Main.storyboard;
			sourceTree = "<group>";
		};
		4CA3A911258B39BE009996A9 /* LaunchScreen.storyboard */ = {
			isa = PBXVariantGroup;
			children = (
				4CA3A912258B39BE009996A9 /* Base */,
			);
			name = LaunchScreen.storyboard;
			sourceTree = "<group>";
		};
/* End PBXVariantGroup section */

/* Begin XCBuildConfiguration section */
		4CA3A915258B39BE009996A9 /* Debug */ = {
			isa = XCBuildConfiguration;
			buildSettings = {
				ALWAYS_SEARCH_USER_PATHS = NO;
				CLANG_ANALYZER_NONNULL = YES;
				CLANG_ANALYZER_NUMBER_OBJECT_CONVERSION = YES_AGGRESSIVE;
				CLANG_CXX_LANGUAGE_STANDARD = "gnu++14";
				CLANG_CXX_LIBRARY = "libc++";
				CLANG_ENABLE_MODULES = YES;
				CLANG_ENABLE_OBJC_ARC = YES;
				CLANG_ENABLE_OBJC_WEAK = YES;
				CLANG_WARN_BLOCK_CAPTURE_AUTORELEASING = YES;
				CLANG_WARN_BOOL_CONVERSION = YES;
				CLANG_WARN_COMMA = YES;
				CLANG_WARN_CONSTANT_CONVERSION = YES;
				CLANG_WARN_DEPRECATED_OBJC_IMPLEMENTATIONS = YES;
				CLANG_WARN_DIRECT_OBJC_ISA_USAGE = YES_ERROR;
				CLANG_WARN_DOCUMENTATION_COMMENTS = YES;
				CLANG_WARN_EMPTY_BODY = YES;
				CLANG_WARN_ENUM_CONVERSION = YES;
				CLANG_WARN_INFINITE_RECURSION = YES;
				CLANG_WARN_INT_CONVERSION = YES;
				CLANG_WARN_NON_LITERAL_NULL_CONVERSION = YES;
				CLANG_WARN_OBJC_IMPLICIT_RETAIN_SELF = YES;
				CLANG_WARN_OBJC_LITERAL_CONVERSION = YES;
				CLANG_WARN_OBJC_ROOT_CLASS = YES_ERROR;
				CLANG_WARN_QUOTED_INCLUDE_IN_FRAMEWORK_HEADER = YES;
				CLANG_WARN_RANGE_LOOP_ANALYSIS = YES;
				CLANG_WARN_STRICT_PROTOTYPES = YES;
				CLANG_WARN_SUSPICIOUS_MOVE = YES;
				CLANG_WARN_UNGUARDED_AVAILABILITY = YES_AGGRESSIVE;
				CLANG_WARN_UNREACHABLE_CODE = YES;
				CLANG_WARN__DUPLICATE_METHOD_MATCH = YES;
				COPY_PHASE_STRIP = NO;
				DEBUG_INFORMATION_FORMAT = dwarf;
				ENABLE_STRICT_OBJC_MSGSEND = YES;
				ENABLE_TESTABILITY = YES;
				GCC_C_LANGUAGE_STANDARD = gnu11;
				GCC_DYNAMIC_NO_PIC = NO;
				GCC_NO_COMMON_BLOCKS = YES;
				GCC_OPTIMIZATION_LEVEL = 0;
				GCC_PREPROCESSOR_DEFINITIONS = (
					"DEBUG=1",
					"$(inherited)",
				);
				GCC_WARN_64_TO_32_BIT_CONVERSION = YES;
				GCC_WARN_ABOUT_RETURN_TYPE = YES_ERROR;
				GCC_WARN_UNDECLARED_SELECTOR = YES;
				GCC_WARN_UNINITIALIZED_AUTOS = YES_AGGRESSIVE;
				GCC_WARN_UNUSED_FUNCTION = YES;
				GCC_WARN_UNUSED_VARIABLE = YES;
				IPHONEOS_DEPLOYMENT_TARGET = 14.2;
				MTL_ENABLE_DEBUG_INFO = INCLUDE_SOURCE;
				MTL_FAST_MATH = YES;
				ONLY_ACTIVE_ARCH = YES;
				SDKROOT = iphoneos;
				SWIFT_ACTIVE_COMPILATION_CONDITIONS = DEBUG;
				SWIFT_OPTIMIZATION_LEVEL = "-Onone";
			};
			name = Debug;
		};
		4CA3A916258B39BE009996A9 /* Release */ = {
			isa = XCBuildConfiguration;
			buildSettings = {
				ALWAYS_SEARCH_USER_PATHS = NO;
				CLANG_ANALYZER_NONNULL = YES;
				CLANG_ANALYZER_NUMBER_OBJECT_CONVERSION = YES_AGGRESSIVE;
				CLANG_CXX_LANGUAGE_STANDARD = "gnu++14";
				CLANG_CXX_LIBRARY = "libc++";
				CLANG_ENABLE_MODULES = YES;
				CLANG_ENABLE_OBJC_ARC = YES;
				CLANG_ENABLE_OBJC_WEAK = YES;
				CLANG_WARN_BLOCK_CAPTURE_AUTORELEASING = YES;
				CLANG_WARN_BOOL_CONVERSION = YES;
				CLANG_WARN_COMMA = YES;
				CLANG_WARN_CONSTANT_CONVERSION = YES;
				CLANG_WARN_DEPRECATED_OBJC_IMPLEMENTATIONS = YES;
				CLANG_WARN_DIRECT_OBJC_ISA_USAGE = YES_ERROR;
				CLANG_WARN_DOCUMENTATION_COMMENTS = YES;
				CLANG_WARN_EMPTY_BODY = YES;
				CLANG_WARN_ENUM_CONVERSION = YES;
				CLANG_WARN_INFINITE_RECURSION = YES;
				CLANG_WARN_INT_CONVERSION = YES;
				CLANG_WARN_NON_LITERAL_NULL_CONVERSION = YES;
				CLANG_WARN_OBJC_IMPLICIT_RETAIN_SELF = YES;
				CLANG_WARN_OBJC_LITERAL_CONVERSION = YES;
				CLANG_WARN_OBJC_ROOT_CLASS = YES_ERROR;
				CLANG_WARN_QUOTED_INCLUDE_IN_FRAMEWORK_HEADER = YES;
				CLANG_WARN_RANGE_LOOP_ANALYSIS = YES;
				CLANG_WARN_STRICT_PROTOTYPES = YES;
				CLANG_WARN_SUSPICIOUS_MOVE = YES;
				CLANG_WARN_UNGUARDED_AVAILABILITY = YES_AGGRESSIVE;
				CLANG_WARN_UNREACHABLE_CODE = YES;
				CLANG_WARN__DUPLICATE_METHOD_MATCH = YES;
				COPY_PHASE_STRIP = NO;
				DEBUG_INFORMATION_FORMAT = "dwarf-with-dsym";
				ENABLE_NS_ASSERTIONS = NO;
				ENABLE_STRICT_OBJC_MSGSEND = YES;
				GCC_C_LANGUAGE_STANDARD = gnu11;
				GCC_NO_COMMON_BLOCKS = YES;
				GCC_WARN_64_TO_32_BIT_CONVERSION = YES;
				GCC_WARN_ABOUT_RETURN_TYPE = YES_ERROR;
				GCC_WARN_UNDECLARED_SELECTOR = YES;
				GCC_WARN_UNINITIALIZED_AUTOS = YES_AGGRESSIVE;
				GCC_WARN_UNUSED_FUNCTION = YES;
				GCC_WARN_UNUSED_VARIABLE = YES;
				IPHONEOS_DEPLOYMENT_TARGET = 14.2;
				MTL_ENABLE_DEBUG_INFO = NO;
				MTL_FAST_MATH = YES;
				SDKROOT = iphoneos;
				SWIFT_COMPILATION_MODE = wholemodule;
				SWIFT_OPTIMIZATION_LEVEL = "-O";
				VALIDATE_PRODUCT = YES;
			};
			name = Release;
		};
		4CA3A918258B39BE009996A9 /* Debug */ = {
			isa = XCBuildConfiguration;
			baseConfigurationReference = 2F3B42B56FF505D09378259C /* Pods-toDoList.debug.xcconfig */;
			buildSettings = {
				ASSETCATALOG_COMPILER_APPICON_NAME = AppIcon;
				ASSETCATALOG_COMPILER_GLOBAL_ACCENT_COLOR_NAME = AccentColor;
				CODE_SIGN_STYLE = Automatic;
				INFOPLIST_FILE = toDoList/Info.plist;
				LD_RUNPATH_SEARCH_PATHS = (
					"$(inherited)",
					"@executable_path/Frameworks",
				);
				PRODUCT_BUNDLE_IDENTIFIER = mariakramer.toDoList;
				PRODUCT_NAME = "$(TARGET_NAME)";
				SWIFT_VERSION = 5.0;
				TARGETED_DEVICE_FAMILY = "1,2";
			};
			name = Debug;
		};
		4CA3A919258B39BE009996A9 /* Release */ = {
			isa = XCBuildConfiguration;
			baseConfigurationReference = 9C6CDA265A6A86636123CF97 /* Pods-toDoList.release.xcconfig */;
			buildSettings = {
				ASSETCATALOG_COMPILER_APPICON_NAME = AppIcon;
				ASSETCATALOG_COMPILER_GLOBAL_ACCENT_COLOR_NAME = AccentColor;
				CODE_SIGN_STYLE = Automatic;
				INFOPLIST_FILE = toDoList/Info.plist;
				LD_RUNPATH_SEARCH_PATHS = (
					"$(inherited)",
					"@executable_path/Frameworks",
				);
				PRODUCT_BUNDLE_IDENTIFIER = mariakramer.toDoList;
				PRODUCT_NAME = "$(TARGET_NAME)";
				SWIFT_VERSION = 5.0;
				TARGETED_DEVICE_FAMILY = "1,2";
			};
			name = Release;
		};
/* End XCBuildConfiguration section */

/* Begin XCConfigurationList section */
		4CA3A8FE258B39BA009996A9 /* Build configuration list for PBXProject "toDoList" */ = {
			isa = XCConfigurationList;
			buildConfigurations = (
				4CA3A915258B39BE009996A9 /* Debug */,
				4CA3A916258B39BE009996A9 /* Release */,
			);
			defaultConfigurationIsVisible = 0;
			defaultConfigurationName = Release;
		};
		4CA3A917258B39BE009996A9 /* Build configuration list for PBXNativeTarget "toDoList" */ = {
			isa = XCConfigurationList;
			buildConfigurations = (
				4CA3A918258B39BE009996A9 /* Debug */,
				4CA3A919258B39BE009996A9 /* Release */,
			);
			defaultConfigurationIsVisible = 0;
			defaultConfigurationName = Release;
		};
/* End XCConfigurationList section */
	};
	rootObject = 4CA3A8FB258B39BA009996A9 /* Project object */;
}
